<Solution>
  <Project Path="src/Tollgate.Abstractions/Tollgate.Abstractions.csproj" />
  <Project Path="src/Tollgate.AspNetCore/Tollgate.AspNetCore.csproj" />
  <Project Path="src/Tollgate.KeyGen/Tollgate.KeyGen.csproj" />
  <Project Path="src/Tollgate.Server/Tollgate.Server.csproj" />
  <Project Path="Tollgate.Licensing/Tollgate.Licensing.csproj" />
</Solution>
